// !$*UTF8*$!
{
	archiveVersion = 1;
	classes = {
	};
	objectVersion = 46;
	objects = {

/* Begin PBXBuildFile section */
		090916461E6AC1FC003CBEA6 /* StringsViewModel.swift in Sources */ = {isa = PBXBuildFile; fileRef = 090916451E6AC1FC003CBEA6 /* StringsViewModel.swift */; };
		091B3BAF1E54DD6B0033A6E7 /* AppDelegate.swift in Sources */ = {isa = PBXBuildFile; fileRef = 091B3BAE1E54DD6B0033A6E7 /* AppDelegate.swift */; };
		091B3BC11E54DD6B0033A6E7 /* InternationalizerTests.swift in Sources */ = {isa = PBXBuildFile; fileRef = 091B3BC01E54DD6B0033A6E7 /* InternationalizerTests.swift */; };
		091B3BCD1E54DDC70033A6E7 /* Main.storyboard in Resources */ = {isa = PBXBuildFile; fileRef = 091B3BCC1E54DDC70033A6E7 /* Main.storyboard */; };
		091B3BD01E54DE990033A6E7 /* Application.xcassets in Resources */ = {isa = PBXBuildFile; fileRef = 091B3BCF1E54DE990033A6E7 /* Application.xcassets */; };
		091B3BD91E54F5090033A6E7 /* ProjectsListViewController.swift in Sources */ = {isa = PBXBuildFile; fileRef = 091B3BD81E54F5090033A6E7 /* ProjectsListViewController.swift */; };
		091B3BE11E54FE330033A6E7 /* ProjectsListViewModel.swift in Sources */ = {isa = PBXBuildFile; fileRef = 091B3BE01E54FE330033A6E7 /* ProjectsListViewModel.swift */; };
		09377B061E5A009200BE52EE /* ProjectsListView.swift in Sources */ = {isa = PBXBuildFile; fileRef = 09377B051E5A009200BE52EE /* ProjectsListView.swift */; };
		09377B0D1E5A34AB00BE52EE /* ResourceDetailsViewController.swift in Sources */ = {isa = PBXBuildFile; fileRef = 09377B0C1E5A34AB00BE52EE /* ResourceDetailsViewController.swift */; };
		09377B101E5A376900BE52EE /* ResourceDetailsView.swift in Sources */ = {isa = PBXBuildFile; fileRef = 09377B0F1E5A376900BE52EE /* ResourceDetailsView.swift */; };
		09377B131E5A386C00BE52EE /* RootCoordinator.swift in Sources */ = {isa = PBXBuildFile; fileRef = 09377B121E5A386C00BE52EE /* RootCoordinator.swift */; };
		09377B161E5A3BCC00BE52EE /* Coordinator.swift in Sources */ = {isa = PBXBuildFile; fileRef = 09377B151E5A3BCC00BE52EE /* Coordinator.swift */; };
		09377B1C1E5A4C8800BE52EE /* StringsGridViewController.swift in Sources */ = {isa = PBXBuildFile; fileRef = 09377B1B1E5A4C8800BE52EE /* StringsGridViewController.swift */; };
		098A2E261E59CB8100BD26CB /* InternationalizerViewsController.swift in Sources */ = {isa = PBXBuildFile; fileRef = 098A2E251E59CB8100BD26CB /* InternationalizerViewsController.swift */; };
		09CD18BB1E560A9600CA7C41 /* ProjectViewModel.swift in Sources */ = {isa = PBXBuildFile; fileRef = 09CD18BA1E560A9600CA7C41 /* ProjectViewModel.swift */; };
		09CD18BD1E560AA900CA7C41 /* ResourceViewModel.swift in Sources */ = {isa = PBXBuildFile; fileRef = 09CD18BC1E560AA900CA7C41 /* ResourceViewModel.swift */; };
		09CD18C81E565CDB00CA7C41 /* R.swift in Sources */ = {isa = PBXBuildFile; fileRef = 09CD18C71E565CDB00CA7C41 /* R.swift */; };
		09CD18CB1E565E6300CA7C41 /* NavigatorItem.swift in Sources */ = {isa = PBXBuildFile; fileRef = 09CD18CA1E565E6300CA7C41 /* NavigatorItem.swift */; };
		09E152041E6C771600710002 /* UI.framework in Frameworks */ = {isa = PBXBuildFile; fileRef = 09E152031E6C771600710002 /* UI.framework */; };
		09E152051E6C771600710002 /* UI.framework in Embed Frameworks */ = {isa = PBXBuildFile; fileRef = 09E152031E6C771600710002 /* UI.framework */; settings = {ATTRIBUTES = (CodeSignOnCopy, RemoveHeadersOnCopy, ); }; };
		09E152081E6C771F00710002 /* Commons.framework in Frameworks */ = {isa = PBXBuildFile; fileRef = 09E152071E6C771F00710002 /* Commons.framework */; };
		09E152091E6C771F00710002 /* Commons.framework in Embed Frameworks */ = {isa = PBXBuildFile; fileRef = 09E152071E6C771F00710002 /* Commons.framework */; settings = {ATTRIBUTES = (CodeSignOnCopy, RemoveHeadersOnCopy, ); }; };
		09E1520B1E6C772600710002 /* Infrastructure.framework in Frameworks */ = {isa = PBXBuildFile; fileRef = 09E1520A1E6C772600710002 /* Infrastructure.framework */; };
		09E1520C1E6C772600710002 /* Infrastructure.framework in Embed Frameworks */ = {isa = PBXBuildFile; fileRef = 09E1520A1E6C772600710002 /* Infrastructure.framework */; settings = {ATTRIBUTES = (CodeSignOnCopy, RemoveHeadersOnCopy, ); }; };
		09E152101E6C774700710002 /* Models.framework in Frameworks */ = {isa = PBXBuildFile; fileRef = 09E1520F1E6C774700710002 /* Models.framework */; };
		09E152111E6C774700710002 /* Models.framework in Embed Frameworks */ = {isa = PBXBuildFile; fileRef = 09E1520F1E6C774700710002 /* Models.framework */; settings = {ATTRIBUTES = (CodeSignOnCopy, RemoveHeadersOnCopy, ); }; };
		09E5E8801E66146200BD44B5 /* StringsGridViewModel.swift in Sources */ = {isa = PBXBuildFile; fileRef = 09E5E87F1E66146200BD44B5 /* StringsGridViewModel.swift */; };
		09E5E8831E66167600BD44B5 /* StringsLine.swift in Sources */ = {isa = PBXBuildFile; fileRef = 09E5E8821E66167600BD44B5 /* StringsLine.swift */; };
		09E5E8851E6616BC00BD44B5 /* StringsFile.swift in Sources */ = {isa = PBXBuildFile; fileRef = 09E5E8841E6616BC00BD44B5 /* StringsFile.swift */; };
		09E5E88E1E662BCA00BD44B5 /* StringsGridView.swift in Sources */ = {isa = PBXBuildFile; fileRef = 09E5E88D1E662BCA00BD44B5 /* StringsGridView.swift */; };
		09EEB9AE1E5B5C2500827C9D /* FieldCell.swift in Sources */ = {isa = PBXBuildFile; fileRef = 09EEB9AD1E5B5C2500827C9D /* FieldCell.swift */; };
/* End PBXBuildFile section */

/* Begin PBXContainerItemProxy section */
		091B3BBD1E54DD6B0033A6E7 /* PBXContainerItemProxy */ = {
			isa = PBXContainerItemProxy;
			containerPortal = 091B3BA31E54DD6B0033A6E7 /* Project object */;
			proxyType = 1;
			remoteGlobalIDString = 091B3BAA1E54DD6B0033A6E7;
			remoteInfo = Internationalizer;
		};
/* End PBXContainerItemProxy section */

/* Begin PBXCopyFilesBuildPhase section */
		09E152061E6C771600710002 /* Embed Frameworks */ = {
			isa = PBXCopyFilesBuildPhase;
			buildActionMask = 2147483647;
			dstPath = "";
			dstSubfolderSpec = 10;
			files = (
				09E152111E6C774700710002 /* Models.framework in Embed Frameworks */,
				09E1520C1E6C772600710002 /* Infrastructure.framework in Embed Frameworks */,
				09E152051E6C771600710002 /* UI.framework in Embed Frameworks */,
				09E152091E6C771F00710002 /* Commons.framework in Embed Frameworks */,
			);
			name = "Embed Frameworks";
			runOnlyForDeploymentPostprocessing = 0;
		};
/* End PBXCopyFilesBuildPhase section */

/* Begin PBXFileReference section */
		090916451E6AC1FC003CBEA6 /* StringsViewModel.swift */ = {isa = PBXFileReference; fileEncoding = 4; lastKnownFileType = sourcecode.swift; path = StringsViewModel.swift; sourceTree = "<group>"; };
		091B3BAB1E54DD6B0033A6E7 /* Internationalizer.app */ = {isa = PBXFileReference; explicitFileType = wrapper.application; includeInIndex = 0; path = Internationalizer.app; sourceTree = BUILT_PRODUCTS_DIR; };
		091B3BAE1E54DD6B0033A6E7 /* AppDelegate.swift */ = {isa = PBXFileReference; lastKnownFileType = sourcecode.swift; path = AppDelegate.swift; sourceTree = "<group>"; };
		091B3BB71E54DD6B0033A6E7 /* Info.plist */ = {isa = PBXFileReference; lastKnownFileType = text.plist.xml; path = Info.plist; sourceTree = "<group>"; };
		091B3BBC1E54DD6B0033A6E7 /* InternationalizerTests.xctest */ = {isa = PBXFileReference; explicitFileType = wrapper.cfbundle; includeInIndex = 0; path = InternationalizerTests.xctest; sourceTree = BUILT_PRODUCTS_DIR; };
		091B3BC01E54DD6B0033A6E7 /* InternationalizerTests.swift */ = {isa = PBXFileReference; lastKnownFileType = sourcecode.swift; path = InternationalizerTests.swift; sourceTree = "<group>"; };
		091B3BC21E54DD6B0033A6E7 /* Info.plist */ = {isa = PBXFileReference; lastKnownFileType = text.plist.xml; path = Info.plist; sourceTree = "<group>"; };
		091B3BCC1E54DDC70033A6E7 /* Main.storyboard */ = {isa = PBXFileReference; fileEncoding = 4; lastKnownFileType = file.storyboard; path = Main.storyboard; sourceTree = "<group>"; };
		091B3BCF1E54DE990033A6E7 /* Application.xcassets */ = {isa = PBXFileReference; lastKnownFileType = folder.assetcatalog; path = Application.xcassets; sourceTree = "<group>"; };
		091B3BD81E54F5090033A6E7 /* ProjectsListViewController.swift */ = {isa = PBXFileReference; fileEncoding = 4; lastKnownFileType = sourcecode.swift; path = ProjectsListViewController.swift; sourceTree = "<group>"; };
		091B3BE01E54FE330033A6E7 /* ProjectsListViewModel.swift */ = {isa = PBXFileReference; fileEncoding = 4; lastKnownFileType = sourcecode.swift; path = ProjectsListViewModel.swift; sourceTree = "<group>"; };
		09377B051E5A009200BE52EE /* ProjectsListView.swift */ = {isa = PBXFileReference; fileEncoding = 4; lastKnownFileType = sourcecode.swift; path = ProjectsListView.swift; sourceTree = "<group>"; };
		09377B0C1E5A34AB00BE52EE /* ResourceDetailsViewController.swift */ = {isa = PBXFileReference; fileEncoding = 4; lastKnownFileType = sourcecode.swift; path = ResourceDetailsViewController.swift; sourceTree = "<group>"; };
		09377B0F1E5A376900BE52EE /* ResourceDetailsView.swift */ = {isa = PBXFileReference; fileEncoding = 4; lastKnownFileType = sourcecode.swift; path = ResourceDetailsView.swift; sourceTree = "<group>"; };
		09377B121E5A386C00BE52EE /* RootCoordinator.swift */ = {isa = PBXFileReference; fileEncoding = 4; lastKnownFileType = sourcecode.swift; path = RootCoordinator.swift; sourceTree = "<group>"; };
		09377B151E5A3BCC00BE52EE /* Coordinator.swift */ = {isa = PBXFileReference; fileEncoding = 4; lastKnownFileType = sourcecode.swift; path = Coordinator.swift; sourceTree = "<group>"; };
		09377B1B1E5A4C8800BE52EE /* StringsGridViewController.swift */ = {isa = PBXFileReference; fileEncoding = 4; lastKnownFileType = sourcecode.swift; path = StringsGridViewController.swift; sourceTree = "<group>"; };
		098A2E251E59CB8100BD26CB /* InternationalizerViewsController.swift */ = {isa = PBXFileReference; fileEncoding = 4; lastKnownFileType = sourcecode.swift; path = InternationalizerViewsController.swift; sourceTree = "<group>"; };
		09CD18BA1E560A9600CA7C41 /* ProjectViewModel.swift */ = {isa = PBXFileReference; fileEncoding = 4; lastKnownFileType = sourcecode.swift; path = ProjectViewModel.swift; sourceTree = "<group>"; };
		09CD18BC1E560AA900CA7C41 /* ResourceViewModel.swift */ = {isa = PBXFileReference; fileEncoding = 4; lastKnownFileType = sourcecode.swift; path = ResourceViewModel.swift; sourceTree = "<group>"; };
		09CD18C71E565CDB00CA7C41 /* R.swift */ = {isa = PBXFileReference; fileEncoding = 4; lastKnownFileType = sourcecode.swift; path = R.swift; sourceTree = "<group>"; };
		09CD18CA1E565E6300CA7C41 /* NavigatorItem.swift */ = {isa = PBXFileReference; fileEncoding = 4; lastKnownFileType = sourcecode.swift; path = NavigatorItem.swift; sourceTree = "<group>"; };
		09E152031E6C771600710002 /* UI.framework */ = {isa = PBXFileReference; explicitFileType = wrapper.framework; path = UI.framework; sourceTree = BUILT_PRODUCTS_DIR; };
		09E152071E6C771F00710002 /* Commons.framework */ = {isa = PBXFileReference; explicitFileType = wrapper.framework; path = Commons.framework; sourceTree = BUILT_PRODUCTS_DIR; };
		09E1520A1E6C772600710002 /* Infrastructure.framework */ = {isa = PBXFileReference; explicitFileType = wrapper.framework; path = Infrastructure.framework; sourceTree = BUILT_PRODUCTS_DIR; };
		09E1520F1E6C774700710002 /* Models.framework */ = {isa = PBXFileReference; explicitFileType = wrapper.framework; path = Models.framework; sourceTree = BUILT_PRODUCTS_DIR; };
		09E5E87F1E66146200BD44B5 /* StringsGridViewModel.swift */ = {isa = PBXFileReference; fileEncoding = 4; lastKnownFileType = sourcecode.swift; path = StringsGridViewModel.swift; sourceTree = "<group>"; };
		09E5E8821E66167600BD44B5 /* StringsLine.swift */ = {isa = PBXFileReference; fileEncoding = 4; lastKnownFileType = sourcecode.swift; path = StringsLine.swift; sourceTree = "<group>"; };
		09E5E8841E6616BC00BD44B5 /* StringsFile.swift */ = {isa = PBXFileReference; fileEncoding = 4; lastKnownFileType = sourcecode.swift; path = StringsFile.swift; sourceTree = "<group>"; };
		09E5E88D1E662BCA00BD44B5 /* StringsGridView.swift */ = {isa = PBXFileReference; fileEncoding = 4; lastKnownFileType = sourcecode.swift; path = StringsGridView.swift; sourceTree = "<group>"; };
		09EEB9AD1E5B5C2500827C9D /* FieldCell.swift */ = {isa = PBXFileReference; fileEncoding = 4; lastKnownFileType = sourcecode.swift; path = FieldCell.swift; sourceTree = "<group>"; };
/* End PBXFileReference section */

/* Begin PBXFrameworksBuildPhase section */
		091B3BA81E54DD6B0033A6E7 /* Frameworks */ = {
			isa = PBXFrameworksBuildPhase;
			buildActionMask = 2147483647;
			files = (
				09E152101E6C774700710002 /* Models.framework in Frameworks */,
				09E1520B1E6C772600710002 /* Infrastructure.framework in Frameworks */,
				09E152041E6C771600710002 /* UI.framework in Frameworks */,
				09E152081E6C771F00710002 /* Commons.framework in Frameworks */,
			);
			runOnlyForDeploymentPostprocessing = 0;
		};
		091B3BB91E54DD6B0033A6E7 /* Frameworks */ = {
			isa = PBXFrameworksBuildPhase;
			buildActionMask = 2147483647;
			files = (
			);
			runOnlyForDeploymentPostprocessing = 0;
		};
/* End PBXFrameworksBuildPhase section */

/* Begin PBXGroup section */
		091B3BA21E54DD6B0033A6E7 = {
			isa = PBXGroup;
			children = (
				091B3BAD1E54DD6B0033A6E7 /* Internationalizer */,
				091B3BBF1E54DD6B0033A6E7 /* InternationalizerTests */,
				091B3BAC1E54DD6B0033A6E7 /* Products */,
				093FC8D81E6C6CBC00AE2FB5 /* Frameworks */,
			);
			sourceTree = "<group>";
		};
		091B3BAC1E54DD6B0033A6E7 /* Products */ = {
			isa = PBXGroup;
			children = (
				091B3BAB1E54DD6B0033A6E7 /* Internationalizer.app */,
				091B3BBC1E54DD6B0033A6E7 /* InternationalizerTests.xctest */,
			);
			name = Products;
			sourceTree = "<group>";
		};
		091B3BAD1E54DD6B0033A6E7 /* Internationalizer */ = {
			isa = PBXGroup;
			children = (
				091B3BDA1E54F5EA0033A6E7 /* Models */,
				091B3BD61E54F4C50033A6E7 /* Modules */,
				091B3BCB1E54DD8E0033A6E7 /* Resouarces */,
				091B3BCE1E54DE420033A6E7 /* SupportFiles */,
			);
			path = Internationalizer;
			sourceTree = "<group>";
		};
		091B3BBF1E54DD6B0033A6E7 /* InternationalizerTests */ = {
			isa = PBXGroup;
			children = (
				091B3BC01E54DD6B0033A6E7 /* InternationalizerTests.swift */,
				091B3BC21E54DD6B0033A6E7 /* Info.plist */,
			);
			path = InternationalizerTests;
			sourceTree = "<group>";
		};
		091B3BCB1E54DD8E0033A6E7 /* Resouarces */ = {
			isa = PBXGroup;
			children = (
				091B3BCC1E54DDC70033A6E7 /* Main.storyboard */,
				091B3BCF1E54DE990033A6E7 /* Application.xcassets */,
				09CD18C71E565CDB00CA7C41 /* R.swift */,
			);
			name = Resouarces;
			path = Resources;
			sourceTree = "<group>";
		};
		091B3BCE1E54DE420033A6E7 /* SupportFiles */ = {
			isa = PBXGroup;
			children = (
				091B3BAE1E54DD6B0033A6E7 /* AppDelegate.swift */,
				091B3BB71E54DD6B0033A6E7 /* Info.plist */,
			);
			name = SupportFiles;
			sourceTree = "<group>";
		};
		091B3BD61E54F4C50033A6E7 /* Modules */ = {
			isa = PBXGroup;
			children = (
				098A2E241E59CB2A00BD26CB /* Internationalizer */,
				091B3BD71E54F4DF0033A6E7 /* ProjectsList */,
				09377B0B1E5A348400BE52EE /* ResourceDetails */,
			);
			path = Modules;
			sourceTree = "<group>";
		};
		091B3BD71E54F4DF0033A6E7 /* ProjectsList */ = {
			isa = PBXGroup;
			children = (
				091B3BD81E54F5090033A6E7 /* ProjectsListViewController.swift */,
				09CD18C91E565E3400CA7C41 /* Contracts */,
				091B3BDF1E54FE110033A6E7 /* ViewModels */,
			);
			path = ProjectsList;
			sourceTree = "<group>";
		};
		091B3BDA1E54F5EA0033A6E7 /* Models */ = {
			isa = PBXGroup;
			children = (
			);
			path = Models;
			sourceTree = "<group>";
		};
		091B3BDF1E54FE110033A6E7 /* ViewModels */ = {
			isa = PBXGroup;
			children = (
				091B3BE01E54FE330033A6E7 /* ProjectsListViewModel.swift */,
				09CD18BA1E560A9600CA7C41 /* ProjectViewModel.swift */,
				09CD18BC1E560AA900CA7C41 /* ResourceViewModel.swift */,
			);
			path = ViewModels;
			sourceTree = "<group>";
		};
		09377B0B1E5A348400BE52EE /* ResourceDetails */ = {
			isa = PBXGroup;
			children = (
				09377B0C1E5A34AB00BE52EE /* ResourceDetailsViewController.swift */,
				09377B0E1E5A374700BE52EE /* Contracts */,
				09377B171E5A49C500BE52EE /* Grids */,
			);
			path = ResourceDetails;
			sourceTree = "<group>";
		};
		09377B0E1E5A374700BE52EE /* Contracts */ = {
			isa = PBXGroup;
			children = (
				09377B0F1E5A376900BE52EE /* ResourceDetailsView.swift */,
			);
			path = Contracts;
			sourceTree = "<group>";
		};
		09377B111E5A384800BE52EE /* Infrastructure */ = {
			isa = PBXGroup;
			children = (
				09377B121E5A386C00BE52EE /* RootCoordinator.swift */,
			);
			path = Infrastructure;
			sourceTree = "<group>";
		};
		09377B141E5A3BB900BE52EE /* Contracts */ = {
			isa = PBXGroup;
			children = (
				09377B151E5A3BCC00BE52EE /* Coordinator.swift */,
			);
			path = Contracts;
			sourceTree = "<group>";
		};
		09377B171E5A49C500BE52EE /* Grids */ = {
			isa = PBXGroup;
			children = (
				09E5E8811E6615C200BD44B5 /* Models */,
				09377B191E5A49EE00BE52EE /* Storyboard */,
				09377B181E5A49DB00BE52EE /* Strings */,
				09EEB9AC1E5B5BE400827C9D /* UI */,
				09377B1A1E5A4A0200BE52EE /* Xib */,
			);
			path = Grids;
			sourceTree = "<group>";
		};
		09377B181E5A49DB00BE52EE /* Strings */ = {
			isa = PBXGroup;
			children = (
				09377B1B1E5A4C8800BE52EE /* StringsGridViewController.swift */,
				09E5E88C1E662BAE00BD44B5 /* Contracts */,
				09EEB9AB1E5B598E00827C9D /* ViewModels */,
			);
			path = Strings;
			sourceTree = "<group>";
		};
		09377B191E5A49EE00BE52EE /* Storyboard */ = {
			isa = PBXGroup;
			children = (
			);
			path = Storyboard;
			sourceTree = "<group>";
		};
		09377B1A1E5A4A0200BE52EE /* Xib */ = {
			isa = PBXGroup;
			children = (
			);
			path = Xib;
			sourceTree = "<group>";
		};
		093FC8D81E6C6CBC00AE2FB5 /* Frameworks */ = {
			isa = PBXGroup;
			children = (
				09E1520F1E6C774700710002 /* Models.framework */,
				09E1520A1E6C772600710002 /* Infrastructure.framework */,
				09E152071E6C771F00710002 /* Commons.framework */,
				09E152031E6C771600710002 /* UI.framework */,
			);
			name = Frameworks;
			sourceTree = "<group>";
		};
		098A2E241E59CB2A00BD26CB /* Internationalizer */ = {
			isa = PBXGroup;
			children = (
				098A2E251E59CB8100BD26CB /* InternationalizerViewsController.swift */,
				09377B141E5A3BB900BE52EE /* Contracts */,
				09377B111E5A384800BE52EE /* Infrastructure */,
			);
			path = Internationalizer;
			sourceTree = "<group>";
		};
		09CD18C91E565E3400CA7C41 /* Contracts */ = {
			isa = PBXGroup;
			children = (
				09CD18CA1E565E6300CA7C41 /* NavigatorItem.swift */,
				09377B051E5A009200BE52EE /* ProjectsListView.swift */,
			);
			path = Contracts;
			sourceTree = "<group>";
		};
		09E5E8811E6615C200BD44B5 /* Models */ = {
			isa = PBXGroup;
			children = (
				09E5E8841E6616BC00BD44B5 /* StringsFile.swift */,
				09E5E8821E66167600BD44B5 /* StringsLine.swift */,
			);
			path = Models;
			sourceTree = "<group>";
		};
		09E5E88C1E662BAE00BD44B5 /* Contracts */ = {
			isa = PBXGroup;
			children = (
				09E5E88D1E662BCA00BD44B5 /* StringsGridView.swift */,
			);
			path = Contracts;
			sourceTree = "<group>";
		};
		09EEB9AB1E5B598E00827C9D /* ViewModels */ = {
			isa = PBXGroup;
			children = (
				09E5E87F1E66146200BD44B5 /* StringsGridViewModel.swift */,
				090916451E6AC1FC003CBEA6 /* StringsViewModel.swift */,
			);
			path = ViewModels;
			sourceTree = "<group>";
		};
		09EEB9AC1E5B5BE400827C9D /* UI */ = {
			isa = PBXGroup;
			children = (
				09EEB9AD1E5B5C2500827C9D /* FieldCell.swift */,
			);
			path = UI;
			sourceTree = "<group>";
		};
/* End PBXGroup section */

/* Begin PBXNativeTarget section */
		091B3BAA1E54DD6B0033A6E7 /* Internationalizer */ = {
			isa = PBXNativeTarget;
			buildConfigurationList = 091B3BC51E54DD6B0033A6E7 /* Build configuration list for PBXNativeTarget "Internationalizer" */;
			buildPhases = (
				091B3BA71E54DD6B0033A6E7 /* Sources */,
				091B3BA81E54DD6B0033A6E7 /* Frameworks */,
				091B3BA91E54DD6B0033A6E7 /* Resources */,
				09E152061E6C771600710002 /* Embed Frameworks */,
			);
			buildRules = (
			);
			dependencies = (
			);
			name = Internationalizer;
			productName = Internationalizer;
			productReference = 091B3BAB1E54DD6B0033A6E7 /* Internationalizer.app */;
			productType = "com.apple.product-type.application";
		};
		091B3BBB1E54DD6B0033A6E7 /* InternationalizerTests */ = {
			isa = PBXNativeTarget;
			buildConfigurationList = 091B3BC81E54DD6B0033A6E7 /* Build configuration list for PBXNativeTarget "InternationalizerTests" */;
			buildPhases = (
				091B3BB81E54DD6B0033A6E7 /* Sources */,
				091B3BB91E54DD6B0033A6E7 /* Frameworks */,
				091B3BBA1E54DD6B0033A6E7 /* Resources */,
			);
			buildRules = (
			);
			dependencies = (
				091B3BBE1E54DD6B0033A6E7 /* PBXTargetDependency */,
			);
			name = InternationalizerTests;
			productName = InternationalizerTests;
			productReference = 091B3BBC1E54DD6B0033A6E7 /* InternationalizerTests.xctest */;
			productType = "com.apple.product-type.bundle.unit-test";
		};
/* End PBXNativeTarget section */

/* Begin PBXProject section */
		091B3BA31E54DD6B0033A6E7 /* Project object */ = {
			isa = PBXProject;
			attributes = {
				LastSwiftUpdateCheck = 0820;
				LastUpgradeCheck = 0820;
				ORGANIZATIONNAME = "Daniel Sumara";
				TargetAttributes = {
					091B3BAA1E54DD6B0033A6E7 = {
						CreatedOnToolsVersion = 8.2.1;
						DevelopmentTeam = HJNK9ALRQU;
						ProvisioningStyle = Automatic;
					};
					091B3BBB1E54DD6B0033A6E7 = {
						CreatedOnToolsVersion = 8.2.1;
						DevelopmentTeam = HJNK9ALRQU;
						ProvisioningStyle = Automatic;
						TestTargetID = 091B3BAA1E54DD6B0033A6E7;
					};
				};
			};
			buildConfigurationList = 091B3BA61E54DD6B0033A6E7 /* Build configuration list for PBXProject "Internationalizer" */;
			compatibilityVersion = "Xcode 3.2";
			developmentRegion = English;
			hasScannedForEncodings = 0;
			knownRegions = (
				en,
				Base,
			);
			mainGroup = 091B3BA21E54DD6B0033A6E7;
			productRefGroup = 091B3BAC1E54DD6B0033A6E7 /* Products */;
			projectDirPath = "";
			projectRoot = "";
			targets = (
				091B3BAA1E54DD6B0033A6E7 /* Internationalizer */,
				091B3BBB1E54DD6B0033A6E7 /* InternationalizerTests */,
			);
		};
/* End PBXProject section */

/* Begin PBXResourcesBuildPhase section */
		091B3BA91E54DD6B0033A6E7 /* Resources */ = {
			isa = PBXResourcesBuildPhase;
			buildActionMask = 2147483647;
			files = (
				091B3BD01E54DE990033A6E7 /* Application.xcassets in Resources */,
				091B3BCD1E54DDC70033A6E7 /* Main.storyboard in Resources */,
			);
			runOnlyForDeploymentPostprocessing = 0;
		};
		091B3BBA1E54DD6B0033A6E7 /* Resources */ = {
			isa = PBXResourcesBuildPhase;
			buildActionMask = 2147483647;
			files = (
			);
			runOnlyForDeploymentPostprocessing = 0;
		};
/* End PBXResourcesBuildPhase section */

/* Begin PBXSourcesBuildPhase section */
		091B3BA71E54DD6B0033A6E7 /* Sources */ = {
			isa = PBXSourcesBuildPhase;
			buildActionMask = 2147483647;
			files = (
				09EEB9AE1E5B5C2500827C9D /* FieldCell.swift in Sources */,
				09CD18C81E565CDB00CA7C41 /* R.swift in Sources */,
				09CD18BB1E560A9600CA7C41 /* ProjectViewModel.swift in Sources */,
				091B3BD91E54F5090033A6E7 /* ProjectsListViewController.swift in Sources */,
				091B3BAF1E54DD6B0033A6E7 /* AppDelegate.swift in Sources */,
				09377B161E5A3BCC00BE52EE /* Coordinator.swift in Sources */,
				09E5E8831E66167600BD44B5 /* StringsLine.swift in Sources */,
				09377B101E5A376900BE52EE /* ResourceDetailsView.swift in Sources */,
				09377B061E5A009200BE52EE /* ProjectsListView.swift in Sources */,
				091B3BE11E54FE330033A6E7 /* ProjectsListViewModel.swift in Sources */,
				09CD18BD1E560AA900CA7C41 /* ResourceViewModel.swift in Sources */,
				098A2E261E59CB8100BD26CB /* InternationalizerViewsController.swift in Sources */,
				09E5E8851E6616BC00BD44B5 /* StringsFile.swift in Sources */,
				09377B131E5A386C00BE52EE /* RootCoordinator.swift in Sources */,
				09377B1C1E5A4C8800BE52EE /* StringsGridViewController.swift in Sources */,
				09CD18CB1E565E6300CA7C41 /* NavigatorItem.swift in Sources */,
				09E5E88E1E662BCA00BD44B5 /* StringsGridView.swift in Sources */,
				09377B0D1E5A34AB00BE52EE /* ResourceDetailsViewController.swift in Sources */,
				090916461E6AC1FC003CBEA6 /* StringsViewModel.swift in Sources */,
				09E5E8801E66146200BD44B5 /* StringsGridViewModel.swift in Sources */,
			);
			runOnlyForDeploymentPostprocessing = 0;
		};
		091B3BB81E54DD6B0033A6E7 /* Sources */ = {
			isa = PBXSourcesBuildPhase;
			buildActionMask = 2147483647;
			files = (
				091B3BC11E54DD6B0033A6E7 /* InternationalizerTests.swift in Sources */,
			);
			runOnlyForDeploymentPostprocessing = 0;
		};
/* End PBXSourcesBuildPhase section */

/* Begin PBXTargetDependency section */
		091B3BBE1E54DD6B0033A6E7 /* PBXTargetDependency */ = {
			isa = PBXTargetDependency;
			target = 091B3BAA1E54DD6B0033A6E7 /* Internationalizer */;
			targetProxy = 091B3BBD1E54DD6B0033A6E7 /* PBXContainerItemProxy */;
		};
/* End PBXTargetDependency section */

/* Begin XCBuildConfiguration section */
		091B3BC31E54DD6B0033A6E7 /* Debug */ = {
			isa = XCBuildConfiguration;
			buildSettings = {
				ALWAYS_SEARCH_USER_PATHS = NO;
				CLANG_ANALYZER_NONNULL = YES;
				CLANG_CXX_LANGUAGE_STANDARD = "gnu++0x";
				CLANG_CXX_LIBRARY = "libc++";
				CLANG_ENABLE_MODULES = YES;
				CLANG_ENABLE_OBJC_ARC = YES;
				CLANG_WARN_BOOL_CONVERSION = YES;
				CLANG_WARN_CONSTANT_CONVERSION = YES;
				CLANG_WARN_DIRECT_OBJC_ISA_USAGE = YES_ERROR;
				CLANG_WARN_DOCUMENTATION_COMMENTS = YES;
				CLANG_WARN_EMPTY_BODY = YES;
				CLANG_WARN_ENUM_CONVERSION = YES;
				CLANG_WARN_INFINITE_RECURSION = YES;
				CLANG_WARN_INT_CONVERSION = YES;
				CLANG_WARN_OBJC_ROOT_CLASS = YES_ERROR;
				CLANG_WARN_SUSPICIOUS_MOVE = YES;
				CLANG_WARN_UNREACHABLE_CODE = YES;
				CLANG_WARN__DUPLICATE_METHOD_MATCH = YES;
				CODE_SIGN_IDENTITY = "-";
				COPY_PHASE_STRIP = NO;
				DEBUG_INFORMATION_FORMAT = dwarf;
				ENABLE_STRICT_OBJC_MSGSEND = YES;
				ENABLE_TESTABILITY = YES;
				GCC_C_LANGUAGE_STANDARD = gnu99;
				GCC_DYNAMIC_NO_PIC = NO;
				GCC_NO_COMMON_BLOCKS = YES;
				GCC_OPTIMIZATION_LEVEL = 0;
				GCC_PREPROCESSOR_DEFINITIONS = (
					"DEBUG=1",
					"$(inherited)",
				);
				GCC_WARN_64_TO_32_BIT_CONVERSION = YES;
				GCC_WARN_ABOUT_RETURN_TYPE = YES_ERROR;
				GCC_WARN_UNDECLARED_SELECTOR = YES;
				GCC_WARN_UNINITIALIZED_AUTOS = YES_AGGRESSIVE;
				GCC_WARN_UNUSED_FUNCTION = YES;
				GCC_WARN_UNUSED_VARIABLE = YES;
				MACOSX_DEPLOYMENT_TARGET = 10.12;
				MTL_ENABLE_DEBUG_INFO = YES;
				ONLY_ACTIVE_ARCH = YES;
				SDKROOT = macosx;
				SWIFT_ACTIVE_COMPILATION_CONDITIONS = DEBUG;
				SWIFT_OPTIMIZATION_LEVEL = "-Onone";
			};
			name = Debug;
		};
		091B3BC41E54DD6B0033A6E7 /* Release */ = {
			isa = XCBuildConfiguration;
			buildSettings = {
				ALWAYS_SEARCH_USER_PATHS = NO;
				CLANG_ANALYZER_NONNULL = YES;
				CLANG_CXX_LANGUAGE_STANDARD = "gnu++0x";
				CLANG_CXX_LIBRARY = "libc++";
				CLANG_ENABLE_MODULES = YES;
				CLANG_ENABLE_OBJC_ARC = YES;
				CLANG_WARN_BOOL_CONVERSION = YES;
				CLANG_WARN_CONSTANT_CONVERSION = YES;
				CLANG_WARN_DIRECT_OBJC_ISA_USAGE = YES_ERROR;
				CLANG_WARN_DOCUMENTATION_COMMENTS = YES;
				CLANG_WARN_EMPTY_BODY = YES;
				CLANG_WARN_ENUM_CONVERSION = YES;
				CLANG_WARN_INFINITE_RECURSION = YES;
				CLANG_WARN_INT_CONVERSION = YES;
				CLANG_WARN_OBJC_ROOT_CLASS = YES_ERROR;
				CLANG_WARN_SUSPICIOUS_MOVE = YES;
				CLANG_WARN_UNREACHABLE_CODE = YES;
				CLANG_WARN__DUPLICATE_METHOD_MATCH = YES;
				CODE_SIGN_IDENTITY = "-";
				COPY_PHASE_STRIP = NO;
				DEBUG_INFORMATION_FORMAT = "dwarf-with-dsym";
				ENABLE_NS_ASSERTIONS = NO;
				ENABLE_STRICT_OBJC_MSGSEND = YES;
				GCC_C_LANGUAGE_STANDARD = gnu99;
				GCC_NO_COMMON_BLOCKS = YES;
				GCC_WARN_64_TO_32_BIT_CONVERSION = YES;
				GCC_WARN_ABOUT_RETURN_TYPE = YES_ERROR;
				GCC_WARN_UNDECLARED_SELECTOR = YES;
				GCC_WARN_UNINITIALIZED_AUTOS = YES_AGGRESSIVE;
				GCC_WARN_UNUSED_FUNCTION = YES;
				GCC_WARN_UNUSED_VARIABLE = YES;
				MACOSX_DEPLOYMENT_TARGET = 10.12;
				MTL_ENABLE_DEBUG_INFO = NO;
				SDKROOT = macosx;
				SWIFT_OPTIMIZATION_LEVEL = "-Owholemodule";
			};
			name = Release;
		};
		091B3BC61E54DD6B0033A6E7 /* Debug */ = {
			isa = XCBuildConfiguration;
			buildSettings = {
				ASSETCATALOG_COMPILER_APPICON_NAME = AppIcon;
				COMBINE_HIDPI_IMAGES = YES;
				DEVELOPMENT_TEAM = HJNK9ALRQU;
				INFOPLIST_FILE = Internationalizer/Info.plist;
				LD_RUNPATH_SEARCH_PATHS = "$(inherited) @executable_path/../Frameworks";
				PRODUCT_BUNDLE_IDENTIFIER = com.korson.Internationalizer;
				PRODUCT_NAME = "$(TARGET_NAME)";
				SWIFT_VERSION = 3.0;
			};
			name = Debug;
		};
		091B3BC71E54DD6B0033A6E7 /* Release */ = {
			isa = XCBuildConfiguration;
			buildSettings = {
				ASSETCATALOG_COMPILER_APPICON_NAME = AppIcon;
				COMBINE_HIDPI_IMAGES = YES;
				DEVELOPMENT_TEAM = HJNK9ALRQU;
				INFOPLIST_FILE = Internationalizer/Info.plist;
				LD_RUNPATH_SEARCH_PATHS = "$(inherited) @executable_path/../Frameworks";
				PRODUCT_BUNDLE_IDENTIFIER = com.korson.Internationalizer;
				PRODUCT_NAME = "$(TARGET_NAME)";
				SWIFT_VERSION = 3.0;
			};
			name = Release;
		};
		091B3BC91E54DD6B0033A6E7 /* Debug */ = {
			isa = XCBuildConfiguration;
			buildSettings = {
				ALWAYS_EMBED_SWIFT_STANDARD_LIBRARIES = YES;
				BUNDLE_LOADER = "$(TEST_HOST)";
				COMBINE_HIDPI_IMAGES = YES;
				DEVELOPMENT_TEAM = HJNK9ALRQU;
				INFOPLIST_FILE = InternationalizerTests/Info.plist;
				LD_RUNPATH_SEARCH_PATHS = "$(inherited) @executable_path/../Frameworks @loader_path/../Frameworks";
				PRODUCT_BUNDLE_IDENTIFIER = com.korson.InternationalizerTests;
				PRODUCT_NAME = "$(TARGET_NAME)";
				SWIFT_VERSION = 3.0;
				TEST_HOST = "$(BUILT_PRODUCTS_DIR)/Internationalizer.app/Contents/MacOS/Internationalizer";
			};
			name = Debug;
		};
		091B3BCA1E54DD6B0033A6E7 /* Release */ = {
			isa = XCBuildConfiguration;
			buildSettings = {
				ALWAYS_EMBED_SWIFT_STANDARD_LIBRARIES = YES;
				BUNDLE_LOADER = "$(TEST_HOST)";
				COMBINE_HIDPI_IMAGES = YES;
				DEVELOPMENT_TEAM = HJNK9ALRQU;
				INFOPLIST_FILE = InternationalizerTests/Info.plist;
				LD_RUNPATH_SEARCH_PATHS = "$(inherited) @executable_path/../Frameworks @loader_path/../Frameworks";
				PRODUCT_BUNDLE_IDENTIFIER = com.korson.InternationalizerTests;
				PRODUCT_NAME = "$(TARGET_NAME)";
				SWIFT_VERSION = 3.0;
				TEST_HOST = "$(BUILT_PRODUCTS_DIR)/Internationalizer.app/Contents/MacOS/Internationalizer";
			};
			name = Release;
		};
/* End XCBuildConfiguration section */

/* Begin XCConfigurationList section */
		091B3BA61E54DD6B0033A6E7 /* Build configuration list for PBXProject "Internationalizer" */ = {
			isa = XCConfigurationList;
			buildConfigurations = (
				091B3BC31E54DD6B0033A6E7 /* Debug */,
				091B3BC41E54DD6B0033A6E7 /* Release */,
			);
			defaultConfigurationIsVisible = 0;
			defaultConfigurationName = Release;
		};
		091B3BC51E54DD6B0033A6E7 /* Build configuration list for PBXNativeTarget "Internationalizer" */ = {
			isa = XCConfigurationList;
			buildConfigurations = (
				091B3BC61E54DD6B0033A6E7 /* Debug */,
				091B3BC71E54DD6B0033A6E7 /* Release */,
			);
			defaultConfigurationIsVisible = 0;
			defaultConfigurationName = Release;
		};
		091B3BC81E54DD6B0033A6E7 /* Build configuration list for PBXNativeTarget "InternationalizerTests" */ = {
			isa = XCConfigurationList;
			buildConfigurations = (
				091B3BC91E54DD6B0033A6E7 /* Debug */,
				091B3BCA1E54DD6B0033A6E7 /* Release */,
			);
			defaultConfigurationIsVisible = 0;
			defaultConfigurationName = Release;
		};
/* End XCConfigurationList section */
	};
	rootObject = 091B3BA31E54DD6B0033A6E7 /* Project object */;
}
